// !$*UTF8*$!
{
	archiveVersion = 1;
	classes = {
	};
	objectVersion = 77;
	objects = {

/* Begin PBXContainerItemProxy section */
		898843C22E2CCABE001D9D00 /* PBXContainerItemProxy */ = {
			isa = PBXContainerItemProxy;
			containerPortal = 898843AC2E2CCABB001D9D00 /* Project object */;
			proxyType = 1;
			remoteGlobalIDString = 898843B32E2CCABB001D9D00;
			remoteInfo = "Caliper Lite";
		};
		898843CC2E2CCABE001D9D00 /* PBXContainerItemProxy */ = {
			isa = PBXContainerItemProxy;
			containerPortal = 898843AC2E2CCABB001D9D00 /* Project object */;
			proxyType = 1;
			remoteGlobalIDString = 898843B32E2CCABB001D9D00;
			remoteInfo = "Caliper Lite";
		};
/* End PBXContainerItemProxy section */

/* Begin PBXFileReference section */
		898843B42E2CCABB001D9D00 /* Caliper Lite.app */ = {isa = PBXFileReference; explicitFileType = wrapper.application; includeInIndex = 0; path = "Caliper Lite.app"; sourceTree = BUILT_PRODUCTS_DIR; };
		898843C12E2CCABE001D9D00 /* Caliper LiteTests.xctest */ = {isa = PBXFileReference; explicitFileType = wrapper.cfbundle; includeInIndex = 0; path = "Caliper LiteTests.xctest"; sourceTree = BUILT_PRODUCTS_DIR; };
		898843CB2E2CCABE001D9D00 /* Caliper LiteUITests.xctest */ = {isa = PBXFileReference; explicitFileType = wrapper.cfbundle; includeInIndex = 0; path = "Caliper LiteUITests.xctest"; sourceTree = BUILT_PRODUCTS_DIR; };
/* End PBXFileReference section */

/* Begin PBXFileSystemSynchronizedBuildFileExceptionSet section */
		89F633912E51074D0099112D /* Exceptions for "Caliper Lite" folder in "Caliper LiteTests" target */ = {
			isa = PBXFileSystemSynchronizedBuildFileExceptionSet;
			membershipExceptions = (
				Resources/Localizable.xcstrings,
			);
			target = 898843C02E2CCABE001D9D00 /* Caliper LiteTests */;
		};
		89F633922E51074D0099112D /* Exceptions for "Caliper Lite" folder in "Caliper LiteUITests" target */ = {
			isa = PBXFileSystemSynchronizedBuildFileExceptionSet;
			membershipExceptions = (
				Resources/Localizable.xcstrings,
			);
			target = 898843CA2E2CCABE001D9D00 /* Caliper LiteUITests */;
		};
/* End PBXFileSystemSynchronizedBuildFileExceptionSet section */

/* Begin PBXFileSystemSynchronizedRootGroup section */
		898843B62E2CCABB001D9D00 /* Caliper Lite */ = {
			isa = PBXFileSystemSynchronizedRootGroup;
			exceptions = (
				89F633912E51074D0099112D /* Exceptions for "Caliper Lite" folder in "Caliper LiteTests" target */,
				89F633922E51074D0099112D /* Exceptions for "Caliper Lite" folder in "Caliper LiteUITests" target */,
			);
			path = "Caliper Lite";
			sourceTree = "<group>";
		};
		898843C42E2CCABE001D9D00 /* Caliper LiteTests */ = {
			isa = PBXFileSystemSynchronizedRootGroup;
			path = "Caliper LiteTests";
			sourceTree = "<group>";
		};
		898843CE2E2CCABE001D9D00 /* Caliper LiteUITests */ = {
			isa = PBXFileSystemSynchronizedRootGroup;
			path = "Caliper LiteUITests";
			sourceTree = "<group>";
		};
/* End PBXFileSystemSynchronizedRootGroup section */

/* Begin PBXFrameworksBuildPhase section */
		898843B12E2CCABB001D9D00 /* Frameworks */ = {
			isa = PBXFrameworksBuildPhase;
			buildActionMask = 2147483647;
			files = (
			);
			runOnlyForDeploymentPostprocessing = 0;
		};
		898843BE2E2CCABE001D9D00 /* Frameworks */ = {
			isa = PBXFrameworksBuildPhase;
			buildActionMask = 2147483647;
			files = (
			);
			runOnlyForDeploymentPostprocessing = 0;
		};
		898843C82E2CCABE001D9D00 /* Frameworks */ = {
			isa = PBXFrameworksBuildPhase;
			buildActionMask = 2147483647;
			files = (
			);
			runOnlyForDeploymentPostprocessing = 0;
		};
/* End PBXFrameworksBuildPhase section */

/* Begin PBXGroup section */
		898843AB2E2CCABB001D9D00 = {
			isa = PBXGroup;
			children = (
				898843B62E2CCABB001D9D00 /* Caliper Lite */,
				898843C42E2CCABE001D9D00 /* Caliper LiteTests */,
				898843CE2E2CCABE001D9D00 /* Caliper LiteUITests */,
				898843B52E2CCABB001D9D00 /* Products */,
			);
			sourceTree = "<group>";
		};
		898843B52E2CCABB001D9D00 /* Products */ = {
			isa = PBXGroup;
			children = (
				898843B42E2CCABB001D9D00 /* Caliper Lite.app */,
				898843C12E2CCABE001D9D00 /* Caliper LiteTests.xctest */,
				898843CB2E2CCABE001D9D00 /* Caliper LiteUITests.xctest */,
			);
			name = Products;
			sourceTree = "<group>";
		};
/* End PBXGroup section */

/* Begin PBXNativeTarget section */
		898843B32E2CCABB001D9D00 /* Caliper Lite */ = {
			isa = PBXNativeTarget;
			buildConfigurationList = 898843D52E2CCABE001D9D00 /* Build configuration list for PBXNativeTarget "Caliper Lite" */;
			buildPhases = (
				898843B02E2CCABB001D9D00 /* Sources */,
				898843B12E2CCABB001D9D00 /* Frameworks */,
				898843B22E2CCABB001D9D00 /* Resources */,
			);
			buildRules = (
			);
			dependencies = (
			);
			fileSystemSynchronizedGroups = (
				898843B62E2CCABB001D9D00 /* Caliper Lite */,
			);
			name = "Caliper Lite";
			packageProductDependencies = (
			);
			productName = "Caliper Lite";
			productReference = 898843B42E2CCABB001D9D00 /* Caliper Lite.app */;
			productType = "com.apple.product-type.application";
		};
		898843C02E2CCABE001D9D00 /* Caliper LiteTests */ = {
			isa = PBXNativeTarget;
			buildConfigurationList = 898843D82E2CCABE001D9D00 /* Build configuration list for PBXNativeTarget "Caliper LiteTests" */;
			buildPhases = (
				898843BD2E2CCABE001D9D00 /* Sources */,
				898843BE2E2CCABE001D9D00 /* Frameworks */,
				898843BF2E2CCABE001D9D00 /* Resources */,
			);
			buildRules = (
			);
			dependencies = (
				898843C32E2CCABE001D9D00 /* PBXTargetDependency */,
			);
			fileSystemSynchronizedGroups = (
				898843C42E2CCABE001D9D00 /* Caliper LiteTests */,
			);
			name = "Caliper LiteTests";
			packageProductDependencies = (
			);
			productName = "Caliper LiteTests";
			productReference = 898843C12E2CCABE001D9D00 /* Caliper LiteTests.xctest */;
			productType = "com.apple.product-type.bundle.unit-test";
		};
		898843CA2E2CCABE001D9D00 /* Caliper LiteUITests */ = {
			isa = PBXNativeTarget;
			buildConfigurationList = 898843DB2E2CCABE001D9D00 /* Build configuration list for PBXNativeTarget "Caliper LiteUITests" */;
			buildPhases = (
				898843C72E2CCABE001D9D00 /* Sources */,
				898843C82E2CCABE001D9D00 /* Frameworks */,
				898843C92E2CCABE001D9D00 /* Resources */,
			);
			buildRules = (
			);
			dependencies = (
				898843CD2E2CCABE001D9D00 /* PBXTargetDependency */,
			);
			fileSystemSynchronizedGroups = (
				898843CE2E2CCABE001D9D00 /* Caliper LiteUITests */,
			);
			name = "Caliper LiteUITests";
			packageProductDependencies = (
			);
			productName = "Caliper LiteUITests";
			productReference = 898843CB2E2CCABE001D9D00 /* Caliper LiteUITests.xctest */;
			productType = "com.apple.product-type.bundle.ui-testing";
		};
/* End PBXNativeTarget section */

/* Begin PBXProject section */
		898843AC2E2CCABB001D9D00 /* Project object */ = {
			isa = PBXProject;
			attributes = {
				BuildIndependentTargetsInParallel = 1;
				LastSwiftUpdateCheck = 1640;
				LastUpgradeCheck = 1640;
				TargetAttributes = {
					898843B32E2CCABB001D9D00 = {
						CreatedOnToolsVersion = 16.4;
					};
					898843C02E2CCABE001D9D00 = {
						CreatedOnToolsVersion = 16.4;
						TestTargetID = 898843B32E2CCABB001D9D00;
					};
					898843CA2E2CCABE001D9D00 = {
						CreatedOnToolsVersion = 16.4;
						TestTargetID = 898843B32E2CCABB001D9D00;
					};
				};
			};
			buildConfigurationList = 898843AF2E2CCABB001D9D00 /* Build configuration list for PBXProject "Caliper Lite" */;
			developmentRegion = en;
			hasScannedForEncodings = 0;
			knownRegions = (
				en,
				Base,
				ru,
				fr,
				"en-AU",
				"en-GB",
				"fr-CA",
				es,
				de,
				it,
				"zh-Hans",
				hi,
			);
			mainGroup = 898843AB2E2CCABB001D9D00;
			minimizedProjectReferenceProxies = 1;
			preferredProjectObjectVersion = 77;
			productRefGroup = 898843B52E2CCABB001D9D00 /* Products */;
			projectDirPath = "";
			projectRoot = "";
			targets = (
				898843B32E2CCABB001D9D00 /* Caliper Lite */,
				898843C02E2CCABE001D9D00 /* Caliper LiteTests */,
				898843CA2E2CCABE001D9D00 /* Caliper LiteUITests */,
			);
		};
/* End PBXProject section */

/* Begin PBXResourcesBuildPhase section */
		898843B22E2CCABB001D9D00 /* Resources */ = {
			isa = PBXResourcesBuildPhase;
			buildActionMask = 2147483647;
			files = (
			);
			runOnlyForDeploymentPostprocessing = 0;
		};
		898843BF2E2CCABE001D9D00 /* Resources */ = {
			isa = PBXResourcesBuildPhase;
			buildActionMask = 2147483647;
			files = (
			);
			runOnlyForDeploymentPostprocessing = 0;
		};
		898843C92E2CCABE001D9D00 /* Resources */ = {
			isa = PBXResourcesBuildPhase;
			buildActionMask = 2147483647;
			files = (
			);
			runOnlyForDeploymentPostprocessing = 0;
		};
/* End PBXResourcesBuildPhase section */

/* Begin PBXSourcesBuildPhase section */
		898843B02E2CCABB001D9D00 /* Sources */ = {
			isa = PBXSourcesBuildPhase;
			buildActionMask = 2147483647;
			files = (
			);
			runOnlyForDeploymentPostprocessing = 0;
		};
		898843BD2E2CCABE001D9D00 /* Sources */ = {
			isa = PBXSourcesBuildPhase;
			buildActionMask = 2147483647;
			files = (
			);
			runOnlyForDeploymentPostprocessing = 0;
		};
		898843C72E2CCABE001D9D00 /* Sources */ = {
			isa = PBXSourcesBuildPhase;
			buildActionMask = 2147483647;
			files = (
			);
			runOnlyForDeploymentPostprocessing = 0;
		};
/* End PBXSourcesBuildPhase section */

/* Begin PBXTargetDependency section */
		898843C32E2CCABE001D9D00 /* PBXTargetDependency */ = {
			isa = PBXTargetDependency;
			target = 898843B32E2CCABB001D9D00 /* Caliper Lite */;
			targetProxy = 898843C22E2CCABE001D9D00 /* PBXContainerItemProxy */;
		};
		898843CD2E2CCABE001D9D00 /* PBXTargetDependency */ = {
			isa = PBXTargetDependency;
			target = 898843B32E2CCABB001D9D00 /* Caliper Lite */;
			targetProxy = 898843CC2E2CCABE001D9D00 /* PBXContainerItemProxy */;
		};
/* End PBXTargetDependency section */

/* Begin XCBuildConfiguration section */
		898843D32E2CCABE001D9D00 /* Debug */ = {
			isa = XCBuildConfiguration;
			buildSettings = {
				ALWAYS_SEARCH_USER_PATHS = NO;
				ASSETCATALOG_COMPILER_GENERATE_SWIFT_ASSET_SYMBOL_EXTENSIONS = YES;
				CLANG_ANALYZER_NONNULL = YES;
				CLANG_ANALYZER_NUMBER_OBJECT_CONVERSION = YES_AGGRESSIVE;
				CLANG_CXX_LANGUAGE_STANDARD = "gnu++20";
				CLANG_ENABLE_MODULES = YES;
				CLANG_ENABLE_OBJC_ARC = YES;
				CLANG_ENABLE_OBJC_WEAK = YES;
				CLANG_WARN_BLOCK_CAPTURE_AUTORELEASING = YES;
				CLANG_WARN_BOOL_CONVERSION = YES;
				CLANG_WARN_COMMA = YES;
				CLANG_WARN_CONSTANT_CONVERSION = YES;
				CLANG_WARN_DEPRECATED_OBJC_IMPLEMENTATIONS = YES;
				CLANG_WARN_DIRECT_OBJC_ISA_USAGE = YES_ERROR;
				CLANG_WARN_DOCUMENTATION_COMMENTS = YES;
				CLANG_WARN_EMPTY_BODY = YES;
				CLANG_WARN_ENUM_CONVERSION = YES;
				CLANG_WARN_INFINITE_RECURSION = YES;
				CLANG_WARN_INT_CONVERSION = YES;
				CLANG_WARN_NON_LITERAL_NULL_CONVERSION = YES;
				CLANG_WARN_OBJC_IMPLICIT_RETAIN_SELF = YES;
				CLANG_WARN_OBJC_LITERAL_CONVERSION = YES;
				CLANG_WARN_OBJC_ROOT_CLASS = YES_ERROR;
				CLANG_WARN_QUOTED_INCLUDE_IN_FRAMEWORK_HEADER = YES;
				CLANG_WARN_RANGE_LOOP_ANALYSIS = YES;
				CLANG_WARN_STRICT_PROTOTYPES = YES;
				CLANG_WARN_SUSPICIOUS_MOVE = YES;
				CLANG_WARN_UNGUARDED_AVAILABILITY = YES_AGGRESSIVE;
				CLANG_WARN_UNREACHABLE_CODE = YES;
				CLANG_WARN__DUPLICATE_METHOD_MATCH = YES;
				COPY_PHASE_STRIP = NO;
				DEBUG_INFORMATION_FORMAT = dwarf;
				DEVELOPMENT_TEAM = W8QV592B76;
				ENABLE_STRICT_OBJC_MSGSEND = YES;
				ENABLE_TESTABILITY = YES;
				ENABLE_USER_SCRIPT_SANDBOXING = YES;
				GCC_C_LANGUAGE_STANDARD = gnu17;
				GCC_DYNAMIC_NO_PIC = NO;
				GCC_NO_COMMON_BLOCKS = YES;
				GCC_OPTIMIZATION_LEVEL = 0;
				GCC_PREPROCESSOR_DEFINITIONS = (
					"DEBUG=1",
					"$(inherited)",
				);
				GCC_WARN_64_TO_32_BIT_CONVERSION = YES;
				GCC_WARN_ABOUT_RETURN_TYPE = YES_ERROR;
				GCC_WARN_UNDECLARED_SELECTOR = YES;
				GCC_WARN_UNINITIALIZED_AUTOS = YES_AGGRESSIVE;
				GCC_WARN_UNUSED_FUNCTION = YES;
				GCC_WARN_UNUSED_VARIABLE = YES;
				IPHONEOS_DEPLOYMENT_TARGET = 18.5;
				LOCALIZATION_PREFERS_STRING_CATALOGS = YES;
				MTL_ENABLE_DEBUG_INFO = INCLUDE_SOURCE;
				MTL_FAST_MATH = YES;
				ONLY_ACTIVE_ARCH = YES;
				SDKROOT = iphoneos;
				SWIFT_ACTIVE_COMPILATION_CONDITIONS = "DEBUG $(inherited)";
				SWIFT_EMIT_LOC_STRINGS = YES;
				SWIFT_OPTIMIZATION_LEVEL = "-Onone";
			};
			name = Debug;
		};
		898843D42E2CCABE001D9D00 /* Release */ = {
			isa = XCBuildConfiguration;
			buildSettings = {
				ALWAYS_SEARCH_USER_PATHS = NO;
				ASSETCATALOG_COMPILER_GENERATE_SWIFT_ASSET_SYMBOL_EXTENSIONS = YES;
				CLANG_ANALYZER_NONNULL = YES;
				CLANG_ANALYZER_NUMBER_OBJECT_CONVERSION = YES_AGGRESSIVE;
				CLANG_CXX_LANGUAGE_STANDARD = "gnu++20";
				CLANG_ENABLE_MODULES = YES;
				CLANG_ENABLE_OBJC_ARC = YES;
				CLANG_ENABLE_OBJC_WEAK = YES;
				CLANG_WARN_BLOCK_CAPTURE_AUTORELEASING = YES;
				CLANG_WARN_BOOL_CONVERSION = YES;
				CLANG_WARN_COMMA = YES;
				CLANG_WARN_CONSTANT_CONVERSION = YES;
				CLANG_WARN_DEPRECATED_OBJC_IMPLEMENTATIONS = YES;
				CLANG_WARN_DIRECT_OBJC_ISA_USAGE = YES_ERROR;
				CLANG_WARN_DOCUMENTATION_COMMENTS = YES;
				CLANG_WARN_EMPTY_BODY = YES;
				CLANG_WARN_ENUM_CONVERSION = YES;
				CLANG_WARN_INFINITE_RECURSION = YES;
				CLANG_WARN_INT_CONVERSION = YES;
				CLANG_WARN_NON_LITERAL_NULL_CONVERSION = YES;
				CLANG_WARN_OBJC_IMPLICIT_RETAIN_SELF = YES;
				CLANG_WARN_OBJC_LITERAL_CONVERSION = YES;
				CLANG_WARN_OBJC_ROOT_CLASS = YES_ERROR;
				CLANG_WARN_QUOTED_INCLUDE_IN_FRAMEWORK_HEADER = YES;
				CLANG_WARN_RANGE_LOOP_ANALYSIS = YES;
				CLANG_WARN_STRICT_PROTOTYPES = YES;
				CLANG_WARN_SUSPICIOUS_MOVE = YES;
				CLANG_WARN_UNGUARDED_AVAILABILITY = YES_AGGRESSIVE;
				CLANG_WARN_UNREACHABLE_CODE = YES;
				CLANG_WARN__DUPLICATE_METHOD_MATCH = YES;
				COPY_PHASE_STRIP = NO;
				DEBUG_INFORMATION_FORMAT = "dwarf-with-dsym";
				DEVELOPMENT_TEAM = W8QV592B76;
				ENABLE_NS_ASSERTIONS = NO;
				ENABLE_STRICT_OBJC_MSGSEND = YES;
				ENABLE_USER_SCRIPT_SANDBOXING = YES;
				GCC_C_LANGUAGE_STANDARD = gnu17;
				GCC_NO_COMMON_BLOCKS = YES;
				GCC_WARN_64_TO_32_BIT_CONVERSION = YES;
				GCC_WARN_ABOUT_RETURN_TYPE = YES_ERROR;
				GCC_WARN_UNDECLARED_SELECTOR = YES;
				GCC_WARN_UNINITIALIZED_AUTOS = YES_AGGRESSIVE;
				GCC_WARN_UNUSED_FUNCTION = YES;
				GCC_WARN_UNUSED_VARIABLE = YES;
				IPHONEOS_DEPLOYMENT_TARGET = 18.5;
				LOCALIZATION_PREFERS_STRING_CATALOGS = YES;
				MTL_ENABLE_DEBUG_INFO = NO;
				MTL_FAST_MATH = YES;
				SDKROOT = iphoneos;
				SWIFT_COMPILATION_MODE = wholemodule;
				SWIFT_EMIT_LOC_STRINGS = YES;
				VALIDATE_PRODUCT = YES;
			};
			name = Release;
		};
		898843D62E2CCABE001D9D00 /* Debug */ = {
			isa = XCBuildConfiguration;
			buildSettings = {
				ASSETCATALOG_COMPILER_APPICON_NAME = AppIcon;
				ASSETCATALOG_COMPILER_GLOBAL_ACCENT_COLOR_NAME = AccentColor;
				CODE_SIGN_STYLE = Automatic;
				CURRENT_PROJECT_VERSION = 2.0;
				DEVELOPMENT_TEAM = W8QV592B76;
				ENABLE_PREVIEWS = YES;
				GENERATE_INFOPLIST_FILE = YES;
				INFOPLIST_KEY_LSApplicationCategoryType = "public.app-category.healthcare-fitness";
				INFOPLIST_KEY_UIApplicationSceneManifest_Generation = YES;
				INFOPLIST_KEY_UIApplicationSupportsIndirectInputEvents = YES;
				INFOPLIST_KEY_UILaunchScreen_Generation = YES;
				INFOPLIST_KEY_UISupportedInterfaceOrientations = UIInterfaceOrientationPortrait;
				INFOPLIST_KEY_UISupportedInterfaceOrientations_iPad = "UIInterfaceOrientationLandscapeLeft UIInterfaceOrientationLandscapeRight UIInterfaceOrientationPortrait UIInterfaceOrientationPortraitUpsideDown";
				LD_RUNPATH_SEARCH_PATHS = (
					"$(inherited)",
					"@executable_path/Frameworks",
				);
				MARKETING_VERSION = 1.5.4;
				PRODUCT_BUNDLE_IDENTIFIER = com.azaraskarov.CaliperLite;
				PRODUCT_NAME = "$(TARGET_NAME)";
				SWIFT_EMIT_LOC_STRINGS = YES;
				SWIFT_VERSION = 5.0;
				TARGETED_DEVICE_FAMILY = "1,2";
			};
			name = Debug;
		};
		898843D72E2CCABE001D9D00 /* Release */ = {
			isa = XCBuildConfiguration;
			buildSettings = {
				ASSETCATALOG_COMPILER_APPICON_NAME = AppIcon;
				ASSETCATALOG_COMPILER_GLOBAL_ACCENT_COLOR_NAME = AccentColor;
				CODE_SIGN_STYLE = Automatic;
				CURRENT_PROJECT_VERSION = 2.0;
				DEVELOPMENT_TEAM = W8QV592B76;
				ENABLE_PREVIEWS = YES;
				GENERATE_INFOPLIST_FILE = YES;
				INFOPLIST_KEY_LSApplicationCategoryType = "public.app-category.healthcare-fitness";
				INFOPLIST_KEY_UIApplicationSceneManifest_Generation = YES;
				INFOPLIST_KEY_UIApplicationSupportsIndirectInputEvents = YES;
				INFOPLIST_KEY_UILaunchScreen_Generation = YES;
				INFOPLIST_KEY_UISupportedInterfaceOrientations = UIInterfaceOrientationPortrait;
				INFOPLIST_KEY_UISupportedInterfaceOrientations_iPad = "UIInterfaceOrientationLandscapeLeft UIInterfaceOrientationLandscapeRight UIInterfaceOrientationPortrait UIInterfaceOrientationPortraitUpsideDown";
				LD_RUNPATH_SEARCH_PATHS = (
					"$(inherited)",
					"@executable_path/Frameworks",
				);
				MARKETING_VERSION = 1.5.4;
				PRODUCT_BUNDLE_IDENTIFIER = com.azaraskarov.CaliperLite;
				PRODUCT_NAME = "$(TARGET_NAME)";
				SWIFT_EMIT_LOC_STRINGS = YES;
				SWIFT_VERSION = 5.0;
				TARGETED_DEVICE_FAMILY = "1,2";
			};
			name = Release;
		};
		898843D92E2CCABE001D9D00 /* Debug */ = {
			isa = XCBuildConfiguration;
			buildSettings = {
				BUNDLE_LOADER = "$(TEST_HOST)";
				CODE_SIGN_STYLE = Automatic;
				CURRENT_PROJECT_VERSION = 1;
				DEVELOPMENT_TEAM = W8QV592B76;
				GENERATE_INFOPLIST_FILE = YES;
				IPHONEOS_DEPLOYMENT_TARGET = 18.5;
				MARKETING_VERSION = 1.0;
				PRODUCT_BUNDLE_IDENTIFIER = "AzarAskarov.Caliper-LiteTests";
				PRODUCT_NAME = "$(TARGET_NAME)";
				SWIFT_EMIT_LOC_STRINGS = NO;
				SWIFT_VERSION = 5.0;
				TARGETED_DEVICE_FAMILY = "1,2";
				TEST_HOST = "$(BUILT_PRODUCTS_DIR)/Caliper Lite.app/$(BUNDLE_EXECUTABLE_FOLDER_PATH)/Caliper Lite";
			};
			name = Debug;
		};
		898843DA2E2CCABE001D9D00 /* Release */ = {
			isa = XCBuildConfiguration;
			buildSettings = {
				BUNDLE_LOADER = "$(TEST_HOST)";
				CODE_SIGN_STYLE = Automatic;
				CURRENT_PROJECT_VERSION = 1;
				DEVELOPMENT_TEAM = W8QV592B76;
				GENERATE_INFOPLIST_FILE = YES;
				IPHONEOS_DEPLOYMENT_TARGET = 18.5;
				MARKETING_VERSION = 1.0;
				PRODUCT_BUNDLE_IDENTIFIER = "AzarAskarov.Caliper-LiteTests";
				PRODUCT_NAME = "$(TARGET_NAME)";
				SWIFT_EMIT_LOC_STRINGS = NO;
				SWIFT_VERSION = 5.0;
				TARGETED_DEVICE_FAMILY = "1,2";
				TEST_HOST = "$(BUILT_PRODUCTS_DIR)/Caliper Lite.app/$(BUNDLE_EXECUTABLE_FOLDER_PATH)/Caliper Lite";
			};
			name = Release;
		};
		898843DC2E2CCABE001D9D00 /* Debug */ = {
			isa = XCBuildConfiguration;
			buildSettings = {
				CODE_SIGN_STYLE = Automatic;
				CURRENT_PROJECT_VERSION = 1;
				DEVELOPMENT_TEAM = W8QV592B76;
				GENERATE_INFOPLIST_FILE = YES;
				MARKETING_VERSION = 1.0;
				PRODUCT_BUNDLE_IDENTIFIER = "AzarAskarov.Caliper-LiteUITests";
				PRODUCT_NAME = "$(TARGET_NAME)";
				SWIFT_EMIT_LOC_STRINGS = NO;
				SWIFT_VERSION = 5.0;
				TARGETED_DEVICE_FAMILY = "1,2";
				TEST_TARGET_NAME = "Caliper Lite";
			};
			name = Debug;
		};
		898843DD2E2CCABE001D9D00 /* Release */ = {
			isa = XCBuildConfiguration;
			buildSettings = {
				CODE_SIGN_STYLE = Automatic;
				CURRENT_PROJECT_VERSION = 1;
				DEVELOPMENT_TEAM = W8QV592B76;
				GENERATE_INFOPLIST_FILE = YES;
				MARKETING_VERSION = 1.0;
				PRODUCT_BUNDLE_IDENTIFIER = "AzarAskarov.Caliper-LiteUITests";
				PRODUCT_NAME = "$(TARGET_NAME)";
				SWIFT_EMIT_LOC_STRINGS = NO;
				SWIFT_VERSION = 5.0;
				TARGETED_DEVICE_FAMILY = "1,2";
				TEST_TARGET_NAME = "Caliper Lite";
			};
			name = Release;
		};
/* End XCBuildConfiguration section */

/* Begin XCConfigurationList section */
		898843AF2E2CCABB001D9D00 /* Build configuration list for PBXProject "Caliper Lite" */ = {
			isa = XCConfigurationList;
			buildConfigurations = (
				898843D32E2CCABE001D9D00 /* Debug */,
				898843D42E2CCABE001D9D00 /* Release */,
			);
			defaultConfigurationIsVisible = 0;
			defaultConfigurationName = Release;
		};
		898843D52E2CCABE001D9D00 /* Build configuration list for PBXNativeTarget "Caliper Lite" */ = {
			isa = XCConfigurationList;
			buildConfigurations = (
				898843D62E2CCABE001D9D00 /* Debug */,
				898843D72E2CCABE001D9D00 /* Release */,
			);
			defaultConfigurationIsVisible = 0;
			defaultConfigurationName = Release;
		};
		898843D82E2CCABE001D9D00 /* Build configuration list for PBXNativeTarget "Caliper LiteTests" */ = {
			isa = XCConfigurationList;
			buildConfigurations = (
				898843D92E2CCABE001D9D00 /* Debug */,
				898843DA2E2CCABE001D9D00 /* Release */,
			);
			defaultConfigurationIsVisible = 0;
			defaultConfigurationName = Release;
		};
		898843DB2E2CCABE001D9D00 /* Build configuration list for PBXNativeTarget "Caliper LiteUITests" */ = {
			isa = XCConfigurationList;
			buildConfigurations = (
				898843DC2E2CCABE001D9D00 /* Debug */,
				898843DD2E2CCABE001D9D00 /* Release */,
			);
			defaultConfigurationIsVisible = 0;
			defaultConfigurationName = Release;
		};
/* End XCConfigurationList section */
	};
	rootObject = 898843AC2E2CCABB001D9D00 /* Project object */;
}
